// !$*UTF8*$!
{
	archiveVersion = 1;
	classes = {
	};
	objectVersion = 56;
	objects = {

/* Begin PBXBuildFile section */
		85853A472BACAF6400C4DF54 /* AppDelegate.swift in Sources */ = {isa = PBXBuildFile; fileRef = 85853A462BACAF6400C4DF54 /* AppDelegate.swift */; };
		85853A492BACAF6400C4DF54 /* SceneDelegate.swift in Sources */ = {isa = PBXBuildFile; fileRef = 85853A482BACAF6400C4DF54 /* SceneDelegate.swift */; };
		85853A4B2BACAF6400C4DF54 /* ViewController.swift in Sources */ = {isa = PBXBuildFile; fileRef = 85853A4A2BACAF6400C4DF54 /* ViewController.swift */; };
		85853A4E2BACAF6400C4DF54 /* Base in Resources */ = {isa = PBXBuildFile; fileRef = 85853A4D2BACAF6400C4DF54 /* Base */; };
		85853A512BACAF6400C4DF54 /* WatherVK.xcdatamodeld in Sources */ = {isa = PBXBuildFile; fileRef = 85853A4F2BACAF6400C4DF54 /* WatherVK.xcdatamodeld */; };
		85853A532BACAF6600C4DF54 /* Assets.xcassets in Resources */ = {isa = PBXBuildFile; fileRef = 85853A522BACAF6600C4DF54 /* Assets.xcassets */; };
		85853A562BACAF6600C4DF54 /* Base in Resources */ = {isa = PBXBuildFile; fileRef = 85853A552BACAF6600C4DF54 /* Base */; };
/* End PBXBuildFile section */

/* Begin PBXFileReference section */
		85853A432BACAF6400C4DF54 /* WatherVK.app */ = {isa = PBXFileReference; explicitFileType = wrapper.application; includeInIndex = 0; path = WatherVK.app; sourceTree = BUILT_PRODUCTS_DIR; };
		85853A462BACAF6400C4DF54 /* AppDelegate.swift */ = {isa = PBXFileReference; lastKnownFileType = sourcecode.swift; path = AppDelegate.swift; sourceTree = "<group>"; };
		85853A482BACAF6400C4DF54 /* SceneDelegate.swift */ = {isa = PBXFileReference; lastKnownFileType = sourcecode.swift; path = SceneDelegate.swift; sourceTree = "<group>"; };
		85853A4A2BACAF6400C4DF54 /* ViewController.swift */ = {isa = PBXFileReference; lastKnownFileType = sourcecode.swift; path = ViewController.swift; sourceTree = "<group>"; };
		85853A4D2BACAF6400C4DF54 /* Base */ = {isa = PBXFileReference; lastKnownFileType = file.storyboard; name = Base; path = Base.lproj/Main.storyboard; sourceTree = "<group>"; };
		85853A502BACAF6400C4DF54 /* WatherVK.xcdatamodel */ = {isa = PBXFileReference; lastKnownFileType = wrapper.xcdatamodel; path = WatherVK.xcdatamodel; sourceTree = "<group>"; };
		85853A522BACAF6600C4DF54 /* Assets.xcassets */ = {isa = PBXFileReference; lastKnownFileType = folder.assetcatalog; path = Assets.xcassets; sourceTree = "<group>"; };
		85853A552BACAF6600C4DF54 /* Base */ = {isa = PBXFileReference; lastKnownFileType = file.storyboard; name = Base; path = Base.lproj/LaunchScreen.storyboard; sourceTree = "<group>"; };
		85853A572BACAF6600C4DF54 /* Info.plist */ = {isa = PBXFileReference; lastKnownFileType = text.plist.xml; path = Info.plist; sourceTree = "<group>"; };
/* End PBXFileReference section */

/* Begin PBXFrameworksBuildPhase section */
		85853A402BACAF6400C4DF54 /* Frameworks */ = {
			isa = PBXFrameworksBuildPhase;
			buildActionMask = 2147483647;
			files = (
			);
			runOnlyForDeploymentPostprocessing = 0;
		};
/* End PBXFrameworksBuildPhase section */

/* Begin PBXGroup section */
		85853A3A2BACAF6400C4DF54 = {
			isa = PBXGroup;
			children = (
				85853A452BACAF6400C4DF54 /* WatherVK */,
				85853A442BACAF6400C4DF54 /* Products */,
			);
			sourceTree = "<group>";
		};
		85853A442BACAF6400C4DF54 /* Products */ = {
			isa = PBXGroup;
			children = (
				85853A432BACAF6400C4DF54 /* WatherVK.app */,
			);
			name = Products;
			sourceTree = "<group>";
		};
		85853A452BACAF6400C4DF54 /* WatherVK */ = {
			isa = PBXGroup;
			children = (
				85853A462BACAF6400C4DF54 /* AppDelegate.swift */,
				85853A482BACAF6400C4DF54 /* SceneDelegate.swift */,
				85853A4A2BACAF6400C4DF54 /* ViewController.swift */,
				85853A4C2BACAF6400C4DF54 /* Main.storyboard */,
				85853A522BACAF6600C4DF54 /* Assets.xcassets */,
				85853A542BACAF6600C4DF54 /* LaunchScreen.storyboard */,
				85853A572BACAF6600C4DF54 /* Info.plist */,
				85853A4F2BACAF6400C4DF54 /* WatherVK.xcdatamodeld */,
			);
			path = WatherVK;
			sourceTree = "<group>";
		};
/* End PBXGroup section */

/* Begin PBXNativeTarget section */
		85853A422BACAF6400C4DF54 /* WatherVK */ = {
			isa = PBXNativeTarget;
			buildConfigurationList = 85853A5A2BACAF6600C4DF54 /* Build configuration list for PBXNativeTarget "WatherVK" */;
			buildPhases = (
				85853A3F2BACAF6400C4DF54 /* Sources */,
				85853A402BACAF6400C4DF54 /* Frameworks */,
				85853A412BACAF6400C4DF54 /* Resources */,
			);
			buildRules = (
			);
			dependencies = (
			);
			name = WatherVK;
			productName = WatherVK;
			productReference = 85853A432BACAF6400C4DF54 /* WatherVK.app */;
			productType = "com.apple.product-type.application";
		};
/* End PBXNativeTarget section */

/* Begin PBXProject section */
		85853A3B2BACAF6400C4DF54 /* Project object */ = {
			isa = PBXProject;
			attributes = {
				BuildIndependentTargetsInParallel = 1;
				LastSwiftUpdateCheck = 1530;
				LastUpgradeCheck = 1530;
				TargetAttributes = {
					85853A422BACAF6400C4DF54 = {
						CreatedOnToolsVersion = 15.3;
					};
				};
			};
			buildConfigurationList = 85853A3E2BACAF6400C4DF54 /* Build configuration list for PBXProject "WatherVK" */;
			compatibilityVersion = "Xcode 14.0";
			developmentRegion = en;
			hasScannedForEncodings = 0;
			knownRegions = (
				en,
				Base,
			);
			mainGroup = 85853A3A2BACAF6400C4DF54;
			productRefGroup = 85853A442BACAF6400C4DF54 /* Products */;
			projectDirPath = "";
			projectRoot = "";
			targets = (
				85853A422BACAF6400C4DF54 /* WatherVK */,
			);
		};
/* End PBXProject section */

/* Begin PBXResourcesBuildPhase section */
		85853A412BACAF6400C4DF54 /* Resources */ = {
			isa = PBXResourcesBuildPhase;
			buildActionMask = 2147483647;
			files = (
				85853A532BACAF6600C4DF54 /* Assets.xcassets in Resources */,
				85853A562BACAF6600C4DF54 /* Base in Resources */,
				85853A4E2BACAF6400C4DF54 /* Base in Resources */,
			);
			runOnlyForDeploymentPostprocessing = 0;
		};
/* End PBXResourcesBuildPhase section */

/* Begin PBXSourcesBuildPhase section */
		85853A3F2BACAF6400C4DF54 /* Sources */ = {
			isa = PBXSourcesBuildPhase;
			buildActionMask = 2147483647;
			files = (
				85853A4B2BACAF6400C4DF54 /* ViewController.swift in Sources */,
				85853A512BACAF6400C4DF54 /* WatherVK.xcdatamodeld in Sources */,
				85853A472BACAF6400C4DF54 /* AppDelegate.swift in Sources */,
				85853A492BACAF6400C4DF54 /* SceneDelegate.swift in Sources */,
			);
			runOnlyForDeploymentPostprocessing = 0;
		};
/* End PBXSourcesBuildPhase section */

/* Begin PBXVariantGroup section */
		85853A4C2BACAF6400C4DF54 /* Main.storyboard */ = {
			isa = PBXVariantGroup;
			children = (
				85853A4D2BACAF6400C4DF54 /* Base */,
			);
			name = Main.storyboard;
			sourceTree = "<group>";
		};
		85853A542BACAF6600C4DF54 /* LaunchScreen.storyboard */ = {
			isa = PBXVariantGroup;
			children = (
				85853A552BACAF6600C4DF54 /* Base */,
			);
			name = LaunchScreen.storyboard;
			sourceTree = "<group>";
		};
/* End PBXVariantGroup section */

/* Begin XCBuildConfiguration section */
		85853A582BACAF6600C4DF54 /* Debug */ = {
			isa = XCBuildConfiguration;
			buildSettings = {
				ALWAYS_SEARCH_USER_PATHS = NO;
				ASSETCATALOG_COMPILER_GENERATE_SWIFT_ASSET_SYMBOL_EXTENSIONS = YES;
				CLANG_ANALYZER_NONNULL = YES;
				CLANG_ANALYZER_NUMBER_OBJECT_CONVERSION = YES_AGGRESSIVE;
				CLANG_CXX_LANGUAGE_STANDARD = "gnu++20";
				CLANG_ENABLE_MODULES = YES;
				CLANG_ENABLE_OBJC_ARC = YES;
				CLANG_ENABLE_OBJC_WEAK = YES;
				CLANG_WARN_BLOCK_CAPTURE_AUTORELEASING = YES;
				CLANG_WARN_BOOL_CONVERSION = YES;
				CLANG_WARN_COMMA = YES;
				CLANG_WARN_CONSTANT_CONVERSION = YES;
				CLANG_WARN_DEPRECATED_OBJC_IMPLEMENTATIONS = YES;
				CLANG_WARN_DIRECT_OBJC_ISA_USAGE = YES_ERROR;
				CLANG_WARN_DOCUMENTATION_COMMENTS = YES;
				CLANG_WARN_EMPTY_BODY = YES;
				CLANG_WARN_ENUM_CONVERSION = YES;
				CLANG_WARN_INFINITE_RECURSION = YES;
				CLANG_WARN_INT_CONVERSION = YES;
				CLANG_WARN_NON_LITERAL_NULL_CONVERSION = YES;
				CLANG_WARN_OBJC_IMPLICIT_RETAIN_SELF = YES;
				CLANG_WARN_OBJC_LITERAL_CONVERSION = YES;
				CLANG_WARN_OBJC_ROOT_CLASS = YES_ERROR;
				CLANG_WARN_QUOTED_INCLUDE_IN_FRAMEWORK_HEADER = YES;
				CLANG_WARN_RANGE_LOOP_ANALYSIS = YES;
				CLANG_WARN_STRICT_PROTOTYPES = YES;
				CLANG_WARN_SUSPICIOUS_MOVE = YES;
				CLANG_WARN_UNGUARDED_AVAILABILITY = YES_AGGRESSIVE;
				CLANG_WARN_UNREACHABLE_CODE = YES;
				CLANG_WARN__DUPLICATE_METHOD_MATCH = YES;
				COPY_PHASE_STRIP = NO;
				DEBUG_INFORMATION_FORMAT = dwarf;
				ENABLE_STRICT_OBJC_MSGSEND = YES;
				ENABLE_TESTABILITY = YES;
				ENABLE_USER_SCRIPT_SANDBOXING = YES;
				GCC_C_LANGUAGE_STANDARD = gnu17;
				GCC_DYNAMIC_NO_PIC = NO;
				GCC_NO_COMMON_BLOCKS = YES;
				GCC_OPTIMIZATION_LEVEL = 0;
				GCC_PREPROCESSOR_DEFINITIONS = (
					"DEBUG=1",
					"$(inherited)",
				);
				GCC_WARN_64_TO_32_BIT_CONVERSION = YES;
				GCC_WARN_ABOUT_RETURN_TYPE = YES_ERROR;
				GCC_WARN_UNDECLARED_SELECTOR = YES;
				GCC_WARN_UNINITIALIZED_AUTOS = YES_AGGRESSIVE;
				GCC_WARN_UNUSED_FUNCTION = YES;
				GCC_WARN_UNUSED_VARIABLE = YES;
				IPHONEOS_DEPLOYMENT_TARGET = 17.4;
				LOCALIZATION_PREFERS_STRING_CATALOGS = YES;
				MTL_ENABLE_DEBUG_INFO = INCLUDE_SOURCE;
				MTL_FAST_MATH = YES;
				ONLY_ACTIVE_ARCH = YES;
				SDKROOT = iphoneos;
				SWIFT_ACTIVE_COMPILATION_CONDITIONS = "DEBUG $(inherited)";
				SWIFT_OPTIMIZATION_LEVEL = "-Onone";
			};
			name = Debug;
		};
		85853A592BACAF6600C4DF54 /* Release */ = {
			isa = XCBuildConfiguration;
			buildSettings = {
				ALWAYS_SEARCH_USER_PATHS = NO;
				ASSETCATALOG_COMPILER_GENERATE_SWIFT_ASSET_SYMBOL_EXTENSIONS = YES;
				CLANG_ANALYZER_NONNULL = YES;
				CLANG_ANALYZER_NUMBER_OBJECT_CONVERSION = YES_AGGRESSIVE;
				CLANG_CXX_LANGUAGE_STANDARD = "gnu++20";
				CLANG_ENABLE_MODULES = YES;
				CLANG_ENABLE_OBJC_ARC = YES;
				CLANG_ENABLE_OBJC_WEAK = YES;
				CLANG_WARN_BLOCK_CAPTURE_AUTORELEASING = YES;
				CLANG_WARN_BOOL_CONVERSION = YES;
				CLANG_WARN_COMMA = YES;
				CLANG_WARN_CONSTANT_CONVERSION = YES;
				CLANG_WARN_DEPRECATED_OBJC_IMPLEMENTATIONS = YES;
				CLANG_WARN_DIRECT_OBJC_ISA_USAGE = YES_ERROR;
				CLANG_WARN_DOCUMENTATION_COMMENTS = YES;
				CLANG_WARN_EMPTY_BODY = YES;
				CLANG_WARN_ENUM_CONVERSION = YES;
				CLANG_WARN_INFINITE_RECURSION = YES;
				CLANG_WARN_INT_CONVERSION = YES;
				CLANG_WARN_NON_LITERAL_NULL_CONVERSION = YES;
				CLANG_WARN_OBJC_IMPLICIT_RETAIN_SELF = YES;
				CLANG_WARN_OBJC_LITERAL_CONVERSION = YES;
				CLANG_WARN_OBJC_ROOT_CLASS = YES_ERROR;
				CLANG_WARN_QUOTED_INCLUDE_IN_FRAMEWORK_HEADER = YES;
				CLANG_WARN_RANGE_LOOP_ANALYSIS = YES;
				CLANG_WARN_STRICT_PROTOTYPES = YES;
				CLANG_WARN_SUSPICIOUS_MOVE = YES;
				CLANG_WARN_UNGUARDED_AVAILABILITY = YES_AGGRESSIVE;
				CLANG_WARN_UNREACHABLE_CODE = YES;
				CLANG_WARN__DUPLICATE_METHOD_MATCH = YES;
				COPY_PHASE_STRIP = NO;
				DEBUG_INFORMATION_FORMAT = "dwarf-with-dsym";
				ENABLE_NS_ASSERTIONS = NO;
				ENABLE_STRICT_OBJC_MSGSEND = YES;
				ENABLE_USER_SCRIPT_SANDBOXING = YES;
				GCC_C_LANGUAGE_STANDARD = gnu17;
				GCC_NO_COMMON_BLOCKS = YES;
				GCC_WARN_64_TO_32_BIT_CONVERSION = YES;
				GCC_WARN_ABOUT_RETURN_TYPE = YES_ERROR;
				GCC_WARN_UNDECLARED_SELECTOR = YES;
				GCC_WARN_UNINITIALIZED_AUTOS = YES_AGGRESSIVE;
				GCC_WARN_UNUSED_FUNCTION = YES;
				GCC_WARN_UNUSED_VARIABLE = YES;
				IPHONEOS_DEPLOYMENT_TARGET = 17.4;
				LOCALIZATION_PREFERS_STRING_CATALOGS = YES;
				MTL_ENABLE_DEBUG_INFO = NO;
				MTL_FAST_MATH = YES;
				SDKROOT = iphoneos;
				SWIFT_COMPILATION_MODE = wholemodule;
				VALIDATE_PRODUCT = YES;
			};
			name = Release;
		};
		85853A5B2BACAF6600C4DF54 /* Debug */ = {
			isa = XCBuildConfiguration;
			buildSettings = {
				ASSETCATALOG_COMPILER_APPICON_NAME = AppIcon;
				ASSETCATALOG_COMPILER_GLOBAL_ACCENT_COLOR_NAME = AccentColor;
				CODE_SIGN_STYLE = Automatic;
				CURRENT_PROJECT_VERSION = 1;
				DEVELOPMENT_TEAM = 4DHB28A3AA;
				GENERATE_INFOPLIST_FILE = YES;
				INFOPLIST_FILE = WatherVK/Info.plist;
				INFOPLIST_KEY_UIApplicationSupportsIndirectInputEvents = YES;
				INFOPLIST_KEY_UILaunchStoryboardName = LaunchScreen;
				INFOPLIST_KEY_UIMainStoryboardFile = Main;
				INFOPLIST_KEY_UISupportedInterfaceOrientations_iPad = "UIInterfaceOrientationPortrait UIInterfaceOrientationPortraitUpsideDown UIInterfaceOrientationLandscapeLeft UIInterfaceOrientationLandscapeRight";
				INFOPLIST_KEY_UISupportedInterfaceOrientations_iPhone = "UIInterfaceOrientationPortrait UIInterfaceOrientationLandscapeLeft UIInterfaceOrientationLandscapeRight";
				LD_RUNPATH_SEARCH_PATHS = (
					"$(inherited)",
					"@executable_path/Frameworks",
				);
				MARKETING_VERSION = 1.0;
				PRODUCT_BUNDLE_IDENTIFIER = KseniaKobak.WatherVK;
				PRODUCT_NAME = "$(TARGET_NAME)";
				SWIFT_EMIT_LOC_STRINGS = YES;
				SWIFT_VERSION = 5.0;
				TARGETED_DEVICE_FAMILY = "1,2";
			};
			name = Debug;
		};
		85853A5C2BACAF6600C4DF54 /* Release */ = {
			isa = XCBuildConfiguration;
			buildSettings = {
				ASSETCATALOG_COMPILER_APPICON_NAME = AppIcon;
				ASSETCATALOG_COMPILER_GLOBAL_ACCENT_COLOR_NAME = AccentColor;
				CODE_SIGN_STYLE = Automatic;
				CURRENT_PROJECT_VERSION = 1;
				DEVELOPMENT_TEAM = 4DHB28A3AA;
				GENERATE_INFOPLIST_FILE = YES;
				INFOPLIST_FILE = WatherVK/Info.plist;
				INFOPLIST_KEY_UIApplicationSupportsIndirectInputEvents = YES;
				INFOPLIST_KEY_UILaunchStoryboardName = LaunchScreen;
				INFOPLIST_KEY_UIMainStoryboardFile = Main;
				INFOPLIST_KEY_UISupportedInterfaceOrientations_iPad = "UIInterfaceOrientationPortrait UIInterfaceOrientationPortraitUpsideDown UIInterfaceOrientationLandscapeLeft UIInterfaceOrientationLandscapeRight";
				INFOPLIST_KEY_UISupportedInterfaceOrientations_iPhone = "UIInterfaceOrientationPortrait UIInterfaceOrientationLandscapeLeft UIInterfaceOrientationLandscapeRight";
				LD_RUNPATH_SEARCH_PATHS = (
					"$(inherited)",
					"@executable_path/Frameworks",
				);
				MARKETING_VERSION = 1.0;
				PRODUCT_BUNDLE_IDENTIFIER = KseniaKobak.WatherVK;
				PRODUCT_NAME = "$(TARGET_NAME)";
				SWIFT_EMIT_LOC_STRINGS = YES;
				SWIFT_VERSION = 5.0;
				TARGETED_DEVICE_FAMILY = "1,2";
			};
			name = Release;
		};
/* End XCBuildConfiguration section */

/* Begin XCConfigurationList section */
		85853A3E2BACAF6400C4DF54 /* Build configuration list for PBXProject "WatherVK" */ = {
			isa = XCConfigurationList;
			buildConfigurations = (
				85853A582BACAF6600C4DF54 /* Debug */,
				85853A592BACAF6600C4DF54 /* Release */,
			);
			defaultConfigurationIsVisible = 0;
			defaultConfigurationName = Release;
		};
		85853A5A2BACAF6600C4DF54 /* Build configuration list for PBXNativeTarget "WatherVK" */ = {
			isa = XCConfigurationList;
			buildConfigurations = (
				85853A5B2BACAF6600C4DF54 /* Debug */,
				85853A5C2BACAF6600C4DF54 /* Release */,
			);
			defaultConfigurationIsVisible = 0;
			defaultConfigurationName = Release;
		};
/* End XCConfigurationList section */

/* Begin XCVersionGroup section */
		85853A4F2BACAF6400C4DF54 /* WatherVK.xcdatamodeld */ = {
			isa = XCVersionGroup;
			children = (
				85853A502BACAF6400C4DF54 /* WatherVK.xcdatamodel */,
			);
			currentVersion = 85853A502BACAF6400C4DF54 /* WatherVK.xcdatamodel */;
			path = WatherVK.xcdatamodeld;
			sourceTree = "<group>";
			versionGroupType = wrapper.xcdatamodel;
		};
/* End XCVersionGroup section */
	};
	rootObject = 85853A3B2BACAF6400C4DF54 /* Project object */;
}
